// !$*UTF8*$!
{
	archiveVersion = 1;
	classes = {
	};
	objectVersion = 51;
	objects = {

/* Begin PBXBuildFile section */
		850398A923214BDF0083666A /* ShowResultsCount.swift in Sources */ = {isa = PBXBuildFile; fileRef = 850398A823214BDF0083666A /* ShowResultsCount.swift */; };
		85EBCEE523199E7700DD5A5F /* AppDelegate.swift in Sources */ = {isa = PBXBuildFile; fileRef = 85EBCEE423199E7700DD5A5F /* AppDelegate.swift */; };
		85EBCEE723199E7700DD5A5F /* UserViewController.swift in Sources */ = {isa = PBXBuildFile; fileRef = 85EBCEE623199E7700DD5A5F /* UserViewController.swift */; };
		85EBCEEA23199E7700DD5A5F /* Main.storyboard in Resources */ = {isa = PBXBuildFile; fileRef = 85EBCEE823199E7700DD5A5F /* Main.storyboard */; };
		85EBCEEC23199E7800DD5A5F /* Assets.xcassets in Resources */ = {isa = PBXBuildFile; fileRef = 85EBCEEB23199E7800DD5A5F /* Assets.xcassets */; };
		85EBCEEF23199E7800DD5A5F /* LaunchScreen.storyboard in Resources */ = {isa = PBXBuildFile; fileRef = 85EBCEED23199E7800DD5A5F /* LaunchScreen.storyboard */; };
		85EBCEFA23199E7800DD5A5F /* PeopleAndStockPricesTests.swift in Sources */ = {isa = PBXBuildFile; fileRef = 85EBCEF923199E7800DD5A5F /* PeopleAndStockPricesTests.swift */; };
		85EBCF062319A16300DD5A5F /* UserModel.swift in Sources */ = {isa = PBXBuildFile; fileRef = 85EBCF052319A16300DD5A5F /* UserModel.swift */; };
		85EBCF092319A75400DD5A5F /* UserAPIClient.swift in Sources */ = {isa = PBXBuildFile; fileRef = 85EBCF082319A75400DD5A5F /* UserAPIClient.swift */; };
		85EBCF0C2319BA7000DD5A5F /* String-Extension.swift in Sources */ = {isa = PBXBuildFile; fileRef = 85EBCF0B2319BA7000DD5A5F /* String-Extension.swift */; };
		85EBCF0E2319C28400DD5A5F /* UserDetailedViewController.swift in Sources */ = {isa = PBXBuildFile; fileRef = 85EBCF0D2319C28400DD5A5F /* UserDetailedViewController.swift */; };
		85EBCF112319F14500DD5A5F /* StockPriceViewController.swift in Sources */ = {isa = PBXBuildFile; fileRef = 85EBCF102319F14500DD5A5F /* StockPriceViewController.swift */; };
		85EBCF132319F16000DD5A5F /* StockPriceDetailedViewController.swift in Sources */ = {isa = PBXBuildFile; fileRef = 85EBCF122319F16000DD5A5F /* StockPriceDetailedViewController.swift */; };
		85EBCF15231D602900DD5A5F /* StockAPIClient.swift in Sources */ = {isa = PBXBuildFile; fileRef = 85EBCF14231D602900DD5A5F /* StockAPIClient.swift */; };
		85EBCF17231D657000DD5A5F /* StockModel.swift in Sources */ = {isa = PBXBuildFile; fileRef = 85EBCF16231D657000DD5A5F /* StockModel.swift */; };
		85EBCF19231D7FF100DD5A5F /* Podfile in Resources */ = {isa = PBXBuildFile; fileRef = 85EBCF18231D7FF100DD5A5F /* Podfile */; };
		B5D76BCDE14A0471E5579C65 /* Pods_PeopleAndStockPrices.framework in Frameworks */ = {isa = PBXBuildFile; fileRef = 1B728B7D41D478D03D06BCA3 /* Pods_PeopleAndStockPrices.framework */; };
/* End PBXBuildFile section */

/* Begin PBXContainerItemProxy section */
		85EBCEF623199E7800DD5A5F /* PBXContainerItemProxy */ = {
			isa = PBXContainerItemProxy;
			containerPortal = 85EBCED923199E7600DD5A5F /* Project object */;
			proxyType = 1;
			remoteGlobalIDString = 85EBCEE023199E7600DD5A5F;
			remoteInfo = PeopleAndStockPrices;
		};
/* End PBXContainerItemProxy section */

/* Begin PBXFileReference section */
		029AD4D5F559366391EFE154 /* Pods-PeopleAndStockPrices.debug.xcconfig */ = {isa = PBXFileReference; includeInIndex = 1; lastKnownFileType = text.xcconfig; name = "Pods-PeopleAndStockPrices.debug.xcconfig"; path = "Target Support Files/Pods-PeopleAndStockPrices/Pods-PeopleAndStockPrices.debug.xcconfig"; sourceTree = "<group>"; };
		1B728B7D41D478D03D06BCA3 /* Pods_PeopleAndStockPrices.framework */ = {isa = PBXFileReference; explicitFileType = wrapper.framework; includeInIndex = 0; path = Pods_PeopleAndStockPrices.framework; sourceTree = BUILT_PRODUCTS_DIR; };
		44BB50DC5AC7F15DBF0E2B01 /* Pods-PeopleAndStockPrices.release.xcconfig */ = {isa = PBXFileReference; includeInIndex = 1; lastKnownFileType = text.xcconfig; name = "Pods-PeopleAndStockPrices.release.xcconfig"; path = "Target Support Files/Pods-PeopleAndStockPrices/Pods-PeopleAndStockPrices.release.xcconfig"; sourceTree = "<group>"; };
		850398A823214BDF0083666A /* ShowResultsCount.swift */ = {isa = PBXFileReference; lastKnownFileType = sourcecode.swift; name = ShowResultsCount.swift; path = /Users/mrwonderful/Desktop/PeopleAndStockPrices/PeopleAndStockPrices/ShowResultsCount.swift; sourceTree = "<absolute>"; };
		85EBCEE123199E7600DD5A5F /* PeopleAndStockPrices.app */ = {isa = PBXFileReference; explicitFileType = wrapper.application; includeInIndex = 0; path = PeopleAndStockPrices.app; sourceTree = BUILT_PRODUCTS_DIR; };
		85EBCEE423199E7700DD5A5F /* AppDelegate.swift */ = {isa = PBXFileReference; lastKnownFileType = sourcecode.swift; path = AppDelegate.swift; sourceTree = "<group>"; };
		85EBCEE623199E7700DD5A5F /* UserViewController.swift */ = {isa = PBXFileReference; lastKnownFileType = sourcecode.swift; path = UserViewController.swift; sourceTree = "<group>"; };
		85EBCEE923199E7700DD5A5F /* Base */ = {isa = PBXFileReference; lastKnownFileType = file.storyboard; name = Base; path = Base.lproj/Main.storyboard; sourceTree = "<group>"; };
		85EBCEEB23199E7800DD5A5F /* Assets.xcassets */ = {isa = PBXFileReference; lastKnownFileType = folder.assetcatalog; path = Assets.xcassets; sourceTree = "<group>"; };
		85EBCEEE23199E7800DD5A5F /* Base */ = {isa = PBXFileReference; lastKnownFileType = file.storyboard; name = Base; path = Base.lproj/LaunchScreen.storyboard; sourceTree = "<group>"; };
		85EBCEF023199E7800DD5A5F /* Info.plist */ = {isa = PBXFileReference; lastKnownFileType = text.plist.xml; path = Info.plist; sourceTree = "<group>"; };
		85EBCEF523199E7800DD5A5F /* PeopleAndStockPricesTests.xctest */ = {isa = PBXFileReference; explicitFileType = wrapper.cfbundle; includeInIndex = 0; path = PeopleAndStockPricesTests.xctest; sourceTree = BUILT_PRODUCTS_DIR; };
		85EBCEF923199E7800DD5A5F /* PeopleAndStockPricesTests.swift */ = {isa = PBXFileReference; lastKnownFileType = sourcecode.swift; path = PeopleAndStockPricesTests.swift; sourceTree = "<group>"; };
		85EBCEFB23199E7800DD5A5F /* Info.plist */ = {isa = PBXFileReference; lastKnownFileType = text.plist.xml; path = Info.plist; sourceTree = "<group>"; };
		85EBCF052319A16300DD5A5F /* UserModel.swift */ = {isa = PBXFileReference; lastKnownFileType = sourcecode.swift; path = UserModel.swift; sourceTree = "<group>"; };
		85EBCF082319A75400DD5A5F /* UserAPIClient.swift */ = {isa = PBXFileReference; lastKnownFileType = sourcecode.swift; path = UserAPIClient.swift; sourceTree = "<group>"; };
		85EBCF0B2319BA7000DD5A5F /* String-Extension.swift */ = {isa = PBXFileReference; lastKnownFileType = sourcecode.swift; path = "String-Extension.swift"; sourceTree = "<group>"; };
		85EBCF0D2319C28400DD5A5F /* UserDetailedViewController.swift */ = {isa = PBXFileReference; lastKnownFileType = sourcecode.swift; path = UserDetailedViewController.swift; sourceTree = "<group>"; };
		85EBCF102319F14500DD5A5F /* StockPriceViewController.swift */ = {isa = PBXFileReference; lastKnownFileType = sourcecode.swift; path = StockPriceViewController.swift; sourceTree = "<group>"; };
		85EBCF122319F16000DD5A5F /* StockPriceDetailedViewController.swift */ = {isa = PBXFileReference; lastKnownFileType = sourcecode.swift; path = StockPriceDetailedViewController.swift; sourceTree = "<group>"; };
		85EBCF14231D602900DD5A5F /* StockAPIClient.swift */ = {isa = PBXFileReference; lastKnownFileType = sourcecode.swift; path = StockAPIClient.swift; sourceTree = "<group>"; };
		85EBCF16231D657000DD5A5F /* StockModel.swift */ = {isa = PBXFileReference; lastKnownFileType = sourcecode.swift; path = StockModel.swift; sourceTree = "<group>"; };
		85EBCF18231D7FF100DD5A5F /* Podfile */ = {isa = PBXFileReference; lastKnownFileType = text; path = Podfile; sourceTree = "<group>"; xcLanguageSpecificationIdentifier = xcode.lang.ruby; };
/* End PBXFileReference section */

/* Begin PBXFrameworksBuildPhase section */
		85EBCEDE23199E7600DD5A5F /* Frameworks */ = {
			isa = PBXFrameworksBuildPhase;
			buildActionMask = 2147483647;
			files = (
				B5D76BCDE14A0471E5579C65 /* Pods_PeopleAndStockPrices.framework in Frameworks */,
			);
			runOnlyForDeploymentPostprocessing = 0;
		};
		85EBCEF223199E7800DD5A5F /* Frameworks */ = {
			isa = PBXFrameworksBuildPhase;
			buildActionMask = 2147483647;
			files = (
			);
			runOnlyForDeploymentPostprocessing = 0;
		};
/* End PBXFrameworksBuildPhase section */

/* Begin PBXGroup section */
		50992A5F93D93508972C42DF /* Pods */ = {
			isa = PBXGroup;
			children = (
				029AD4D5F559366391EFE154 /* Pods-PeopleAndStockPrices.debug.xcconfig */,
				44BB50DC5AC7F15DBF0E2B01 /* Pods-PeopleAndStockPrices.release.xcconfig */,
			);
			path = Pods;
			sourceTree = "<group>";
		};
		671E85F7AE86D3E0AB2D6AFE /* Frameworks */ = {
			isa = PBXGroup;
			children = (
				1B728B7D41D478D03D06BCA3 /* Pods_PeopleAndStockPrices.framework */,
			);
			name = Frameworks;
			sourceTree = "<group>";
		};
		85EBCED823199E7600DD5A5F = {
			isa = PBXGroup;
			children = (
				85EBCF18231D7FF100DD5A5F /* Podfile */,
				85EBCEE323199E7700DD5A5F /* PeopleAndStockPrices */,
				85EBCEF823199E7800DD5A5F /* PeopleAndStockPricesTests */,
				85EBCEE223199E7700DD5A5F /* Products */,
				50992A5F93D93508972C42DF /* Pods */,
				671E85F7AE86D3E0AB2D6AFE /* Frameworks */,
			);
			sourceTree = "<group>";
		};
		85EBCEE223199E7700DD5A5F /* Products */ = {
			isa = PBXGroup;
			children = (
				85EBCEE123199E7600DD5A5F /* PeopleAndStockPrices.app */,
				85EBCEF523199E7800DD5A5F /* PeopleAndStockPricesTests.xctest */,
			);
			name = Products;
			sourceTree = "<group>";
		};
		85EBCEE323199E7700DD5A5F /* PeopleAndStockPrices */ = {
			isa = PBXGroup;
			children = (
				85EBCEE423199E7700DD5A5F /* AppDelegate.swift */,
				850398A823214BDF0083666A /* ShowResultsCount.swift */,
				85EBCF0F2319C29000DD5A5F /* Extensions */,
				85EBCF042319A14000DD5A5F /* View Controller */,
				85EBCF072319A70800DD5A5F /* Model file */,
				85EBCF0A2319AD3A00DD5A5F /* API Client */,
				85EBCEE823199E7700DD5A5F /* Main.storyboard */,
				85EBCEEB23199E7800DD5A5F /* Assets.xcassets */,
				85EBCEED23199E7800DD5A5F /* LaunchScreen.storyboard */,
				85EBCEF023199E7800DD5A5F /* Info.plist */,
			);
			path = PeopleAndStockPrices;
			sourceTree = "<group>";
		};
		85EBCEF823199E7800DD5A5F /* PeopleAndStockPricesTests */ = {
			isa = PBXGroup;
			children = (
				85EBCEF923199E7800DD5A5F /* PeopleAndStockPricesTests.swift */,
				85EBCEFB23199E7800DD5A5F /* Info.plist */,
			);
			path = PeopleAndStockPricesTests;
			sourceTree = "<group>";
		};
		85EBCF042319A14000DD5A5F /* View Controller */ = {
			isa = PBXGroup;
			children = (
				85EBCF0D2319C28400DD5A5F /* UserDetailedViewController.swift */,
				85EBCEE623199E7700DD5A5F /* UserViewController.swift */,
				85EBCF102319F14500DD5A5F /* StockPriceViewController.swift */,
				85EBCF122319F16000DD5A5F /* StockPriceDetailedViewController.swift */,
			);
			path = "View Controller";
			sourceTree = "<group>";
		};
		85EBCF072319A70800DD5A5F /* Model file */ = {
			isa = PBXGroup;
			children = (
				85EBCF052319A16300DD5A5F /* UserModel.swift */,
				85EBCF16231D657000DD5A5F /* StockModel.swift */,
			);
			path = "Model file";
			sourceTree = "<group>";
		};
		85EBCF0A2319AD3A00DD5A5F /* API Client */ = {
			isa = PBXGroup;
			children = (
				85EBCF082319A75400DD5A5F /* UserAPIClient.swift */,
				85EBCF14231D602900DD5A5F /* StockAPIClient.swift */,
			);
			path = "API Client";
			sourceTree = "<group>";
		};
		85EBCF0F2319C29000DD5A5F /* Extensions */ = {
			isa = PBXGroup;
			children = (
				85EBCF0B2319BA7000DD5A5F /* String-Extension.swift */,
			);
			path = Extensions;
			sourceTree = "<group>";
		};
/* End PBXGroup section */

/* Begin PBXNativeTarget section */
		85EBCEE023199E7600DD5A5F /* PeopleAndStockPrices */ = {
			isa = PBXNativeTarget;
			buildConfigurationList = 85EBCEFE23199E7800DD5A5F /* Build configuration list for PBXNativeTarget "PeopleAndStockPrices" */;
			buildPhases = (
				47C3181A6279008DA827E485 /* [CP] Check Pods Manifest.lock */,
				85EBCEDD23199E7600DD5A5F /* Sources */,
				85EBCEDE23199E7600DD5A5F /* Frameworks */,
				85EBCEDF23199E7600DD5A5F /* Resources */,
				08B88444BD7ECE2B37E94FEF /* [CP] Embed Pods Frameworks */,
			);
			buildRules = (
			);
			dependencies = (
			);
			name = PeopleAndStockPrices;
			productName = PeopleAndStockPrices;
			productReference = 85EBCEE123199E7600DD5A5F /* PeopleAndStockPrices.app */;
			productType = "com.apple.product-type.application";
		};
		85EBCEF423199E7800DD5A5F /* PeopleAndStockPricesTests */ = {
			isa = PBXNativeTarget;
			buildConfigurationList = 85EBCF0123199E7800DD5A5F /* Build configuration list for PBXNativeTarget "PeopleAndStockPricesTests" */;
			buildPhases = (
				85EBCEF123199E7800DD5A5F /* Sources */,
				85EBCEF223199E7800DD5A5F /* Frameworks */,
				85EBCEF323199E7800DD5A5F /* Resources */,
			);
			buildRules = (
			);
			dependencies = (
				85EBCEF723199E7800DD5A5F /* PBXTargetDependency */,
			);
			name = PeopleAndStockPricesTests;
			productName = PeopleAndStockPricesTests;
			productReference = 85EBCEF523199E7800DD5A5F /* PeopleAndStockPricesTests.xctest */;
			productType = "com.apple.product-type.bundle.unit-test";
		};
/* End PBXNativeTarget section */

/* Begin PBXProject section */
		85EBCED923199E7600DD5A5F /* Project object */ = {
			isa = PBXProject;
			attributes = {
				LastSwiftUpdateCheck = 1020;
				LastUpgradeCheck = 1020;
				ORGANIZATIONNAME = "Mr Wonderful";
				TargetAttributes = {
					85EBCEE023199E7600DD5A5F = {
						CreatedOnToolsVersion = 10.2.1;
					};
					85EBCEF423199E7800DD5A5F = {
						CreatedOnToolsVersion = 10.2.1;
						TestTargetID = 85EBCEE023199E7600DD5A5F;
					};
				};
			};
			buildConfigurationList = 85EBCEDC23199E7600DD5A5F /* Build configuration list for PBXProject "PeopleAndStockPrices" */;
			compatibilityVersion = "Xcode 9.3";
			developmentRegion = en;
			hasScannedForEncodings = 0;
			knownRegions = (
				en,
				Base,
			);
			mainGroup = 85EBCED823199E7600DD5A5F;
			productRefGroup = 85EBCEE223199E7700DD5A5F /* Products */;
			projectDirPath = "";
			projectRoot = "";
			targets = (
				85EBCEE023199E7600DD5A5F /* PeopleAndStockPrices */,
				85EBCEF423199E7800DD5A5F /* PeopleAndStockPricesTests */,
			);
		};
/* End PBXProject section */

/* Begin PBXResourcesBuildPhase section */
		85EBCEDF23199E7600DD5A5F /* Resources */ = {
			isa = PBXResourcesBuildPhase;
			buildActionMask = 2147483647;
			files = (
				85EBCEEF23199E7800DD5A5F /* LaunchScreen.storyboard in Resources */,
				85EBCEEC23199E7800DD5A5F /* Assets.xcassets in Resources */,
				85EBCF19231D7FF100DD5A5F /* Podfile in Resources */,
				85EBCEEA23199E7700DD5A5F /* Main.storyboard in Resources */,
			);
			runOnlyForDeploymentPostprocessing = 0;
		};
		85EBCEF323199E7800DD5A5F /* Resources */ = {
			isa = PBXResourcesBuildPhase;
			buildActionMask = 2147483647;
			files = (
			);
			runOnlyForDeploymentPostprocessing = 0;
		};
/* End PBXResourcesBuildPhase section */

/* Begin PBXShellScriptBuildPhase section */
		08B88444BD7ECE2B37E94FEF /* [CP] Embed Pods Frameworks */ = {
			isa = PBXShellScriptBuildPhase;
			buildActionMask = 2147483647;
			files = (
			);
			inputFileListPaths = (
				"${PODS_ROOT}/Target Support Files/Pods-PeopleAndStockPrices/Pods-PeopleAndStockPrices-frameworks-${CONFIGURATION}-input-files.xcfilelist",
			);
			name = "[CP] Embed Pods Frameworks";
			outputFileListPaths = (
				"${PODS_ROOT}/Target Support Files/Pods-PeopleAndStockPrices/Pods-PeopleAndStockPrices-frameworks-${CONFIGURATION}-output-files.xcfilelist",
			);
			runOnlyForDeploymentPostprocessing = 0;
			shellPath = /bin/sh;
			shellScript = "\"${PODS_ROOT}/Target Support Files/Pods-PeopleAndStockPrices/Pods-PeopleAndStockPrices-frameworks.sh\"\n";
			showEnvVarsInLog = 0;
		};
		47C3181A6279008DA827E485 /* [CP] Check Pods Manifest.lock */ = {
			isa = PBXShellScriptBuildPhase;
			buildActionMask = 2147483647;
			files = (
			);
			inputFileListPaths = (
			);
			inputPaths = (
				"${PODS_PODFILE_DIR_PATH}/Podfile.lock",
				"${PODS_ROOT}/Manifest.lock",
			);
			name = "[CP] Check Pods Manifest.lock";
			outputFileListPaths = (
			);
			outputPaths = (
				"$(DERIVED_FILE_DIR)/Pods-PeopleAndStockPrices-checkManifestLockResult.txt",
			);
			runOnlyForDeploymentPostprocessing = 0;
			shellPath = /bin/sh;
			shellScript = "diff \"${PODS_PODFILE_DIR_PATH}/Podfile.lock\" \"${PODS_ROOT}/Manifest.lock\" > /dev/null\nif [ $? != 0 ] ; then\n    # print error to STDERR\n    echo \"error: The sandbox is not in sync with the Podfile.lock. Run 'pod install' or update your CocoaPods installation.\" >&2\n    exit 1\nfi\n# This output is used by Xcode 'outputs' to avoid re-running this script phase.\necho \"SUCCESS\" > \"${SCRIPT_OUTPUT_FILE_0}\"\n";
			showEnvVarsInLog = 0;
		};
/* End PBXShellScriptBuildPhase section */

/* Begin PBXSourcesBuildPhase section */
		85EBCEDD23199E7600DD5A5F /* Sources */ = {
			isa = PBXSourcesBuildPhase;
			buildActionMask = 2147483647;
			files = (
				85EBCEE723199E7700DD5A5F /* UserViewController.swift in Sources */,
				85EBCF112319F14500DD5A5F /* StockPriceViewController.swift in Sources */,
				850398A923214BDF0083666A /* ShowResultsCount.swift in Sources */,
				85EBCF062319A16300DD5A5F /* UserModel.swift in Sources */,
				85EBCF15231D602900DD5A5F /* StockAPIClient.swift in Sources */,
				85EBCF132319F16000DD5A5F /* StockPriceDetailedViewController.swift in Sources */,
				85EBCF092319A75400DD5A5F /* UserAPIClient.swift in Sources */,
				85EBCF17231D657000DD5A5F /* StockModel.swift in Sources */,
				85EBCEE523199E7700DD5A5F /* AppDelegate.swift in Sources */,
				85EBCF0E2319C28400DD5A5F /* UserDetailedViewController.swift in Sources */,
				85EBCF0C2319BA7000DD5A5F /* String-Extension.swift in Sources */,
			);
			runOnlyForDeploymentPostprocessing = 0;
		};
		85EBCEF123199E7800DD5A5F /* Sources */ = {
			isa = PBXSourcesBuildPhase;
			buildActionMask = 2147483647;
			files = (
				85EBCEFA23199E7800DD5A5F /* PeopleAndStockPricesTests.swift in Sources */,
			);
			runOnlyForDeploymentPostprocessing = 0;
		};
/* End PBXSourcesBuildPhase section */

/* Begin PBXTargetDependency section */
		85EBCEF723199E7800DD5A5F /* PBXTargetDependency */ = {
			isa = PBXTargetDependency;
			target = 85EBCEE023199E7600DD5A5F /* PeopleAndStockPrices */;
			targetProxy = 85EBCEF623199E7800DD5A5F /* PBXContainerItemProxy */;
		};
/* End PBXTargetDependency section */

/* Begin PBXVariantGroup section */
		85EBCEE823199E7700DD5A5F /* Main.storyboard */ = {
			isa = PBXVariantGroup;
			children = (
				85EBCEE923199E7700DD5A5F /* Base */,
			);
			name = Main.storyboard;
			sourceTree = "<group>";
		};
		85EBCEED23199E7800DD5A5F /* LaunchScreen.storyboard */ = {
			isa = PBXVariantGroup;
			children = (
				85EBCEEE23199E7800DD5A5F /* Base */,
			);
			name = LaunchScreen.storyboard;
			sourceTree = "<group>";
		};
/* End PBXVariantGroup section */

/* Begin XCBuildConfiguration section */
		85EBCEFC23199E7800DD5A5F /* Debug */ = {
			isa = XCBuildConfiguration;
			buildSettings = {
				ALWAYS_SEARCH_USER_PATHS = NO;
				CLANG_ANALYZER_NONNULL = YES;
				CLANG_ANALYZER_NUMBER_OBJECT_CONVERSION = YES_AGGRESSIVE;
				CLANG_CXX_LANGUAGE_STANDARD = "gnu++14";
				CLANG_CXX_LIBRARY = "libc++";
				CLANG_ENABLE_MODULES = YES;
				CLANG_ENABLE_OBJC_ARC = YES;
				CLANG_ENABLE_OBJC_WEAK = YES;
				CLANG_WARN_BLOCK_CAPTURE_AUTORELEASING = YES;
				CLANG_WARN_BOOL_CONVERSION = YES;
				CLANG_WARN_COMMA = YES;
				CLANG_WARN_CONSTANT_CONVERSION = YES;
				CLANG_WARN_DEPRECATED_OBJC_IMPLEMENTATIONS = YES;
				CLANG_WARN_DIRECT_OBJC_ISA_USAGE = YES_ERROR;
				CLANG_WARN_DOCUMENTATION_COMMENTS = YES;
				CLANG_WARN_EMPTY_BODY = YES;
				CLANG_WARN_ENUM_CONVERSION = YES;
				CLANG_WARN_INFINITE_RECURSION = YES;
				CLANG_WARN_INT_CONVERSION = YES;
				CLANG_WARN_NON_LITERAL_NULL_CONVERSION = YES;
				CLANG_WARN_OBJC_IMPLICIT_RETAIN_SELF = YES;
				CLANG_WARN_OBJC_LITERAL_CONVERSION = YES;
				CLANG_WARN_OBJC_ROOT_CLASS = YES_ERROR;
				CLANG_WARN_RANGE_LOOP_ANALYSIS = YES;
				CLANG_WARN_STRICT_PROTOTYPES = YES;
				CLANG_WARN_SUSPICIOUS_MOVE = YES;
				CLANG_WARN_UNGUARDED_AVAILABILITY = YES_AGGRESSIVE;
				CLANG_WARN_UNREACHABLE_CODE = YES;
				CLANG_WARN__DUPLICATE_METHOD_MATCH = YES;
				CODE_SIGN_IDENTITY = "iPhone Developer";
				COPY_PHASE_STRIP = NO;
				DEBUG_INFORMATION_FORMAT = dwarf;
				ENABLE_STRICT_OBJC_MSGSEND = YES;
				ENABLE_TESTABILITY = YES;
				GCC_C_LANGUAGE_STANDARD = gnu11;
				GCC_DYNAMIC_NO_PIC = NO;
				GCC_NO_COMMON_BLOCKS = YES;
				GCC_OPTIMIZATION_LEVEL = 0;
				GCC_PREPROCESSOR_DEFINITIONS = (
					"DEBUG=1",
					"$(inherited)",
				);
				GCC_WARN_64_TO_32_BIT_CONVERSION = YES;
				GCC_WARN_ABOUT_RETURN_TYPE = YES_ERROR;
				GCC_WARN_UNDECLARED_SELECTOR = YES;
				GCC_WARN_UNINITIALIZED_AUTOS = YES_AGGRESSIVE;
				GCC_WARN_UNUSED_FUNCTION = YES;
				GCC_WARN_UNUSED_VARIABLE = YES;
				IPHONEOS_DEPLOYMENT_TARGET = 12.2;
				MTL_ENABLE_DEBUG_INFO = INCLUDE_SOURCE;
				MTL_FAST_MATH = YES;
				ONLY_ACTIVE_ARCH = YES;
				SDKROOT = iphoneos;
				SWIFT_ACTIVE_COMPILATION_CONDITIONS = DEBUG;
				SWIFT_OPTIMIZATION_LEVEL = "-Onone";
			};
			name = Debug;
		};
		85EBCEFD23199E7800DD5A5F /* Release */ = {
			isa = XCBuildConfiguration;
			buildSettings = {
				ALWAYS_SEARCH_USER_PATHS = NO;
				CLANG_ANALYZER_NONNULL = YES;
				CLANG_ANALYZER_NUMBER_OBJECT_CONVERSION = YES_AGGRESSIVE;
				CLANG_CXX_LANGUAGE_STANDARD = "gnu++14";
				CLANG_CXX_LIBRARY = "libc++";
				CLANG_ENABLE_MODULES = YES;
				CLANG_ENABLE_OBJC_ARC = YES;
				CLANG_ENABLE_OBJC_WEAK = YES;
				CLANG_WARN_BLOCK_CAPTURE_AUTORELEASING = YES;
				CLANG_WARN_BOOL_CONVERSION = YES;
				CLANG_WARN_COMMA = YES;
				CLANG_WARN_CONSTANT_CONVERSION = YES;
				CLANG_WARN_DEPRECATED_OBJC_IMPLEMENTATIONS = YES;
				CLANG_WARN_DIRECT_OBJC_ISA_USAGE = YES_ERROR;
				CLANG_WARN_DOCUMENTATION_COMMENTS = YES;
				CLANG_WARN_EMPTY_BODY = YES;
				CLANG_WARN_ENUM_CONVERSION = YES;
				CLANG_WARN_INFINITE_RECURSION = YES;
				CLANG_WARN_INT_CONVERSION = YES;
				CLANG_WARN_NON_LITERAL_NULL_CONVERSION = YES;
				CLANG_WARN_OBJC_IMPLICIT_RETAIN_SELF = YES;
				CLANG_WARN_OBJC_LITERAL_CONVERSION = YES;
				CLANG_WARN_OBJC_ROOT_CLASS = YES_ERROR;
				CLANG_WARN_RANGE_LOOP_ANALYSIS = YES;
				CLANG_WARN_STRICT_PROTOTYPES = YES;
				CLANG_WARN_SUSPICIOUS_MOVE = YES;
				CLANG_WARN_UNGUARDED_AVAILABILITY = YES_AGGRESSIVE;
				CLANG_WARN_UNREACHABLE_CODE = YES;
				CLANG_WARN__DUPLICATE_METHOD_MATCH = YES;
				CODE_SIGN_IDENTITY = "iPhone Developer";
				COPY_PHASE_STRIP = NO;
				DEBUG_INFORMATION_FORMAT = "dwarf-with-dsym";
				ENABLE_NS_ASSERTIONS = NO;
				ENABLE_STRICT_OBJC_MSGSEND = YES;
				GCC_C_LANGUAGE_STANDARD = gnu11;
				GCC_NO_COMMON_BLOCKS = YES;
				GCC_WARN_64_TO_32_BIT_CONVERSION = YES;
				GCC_WARN_ABOUT_RETURN_TYPE = YES_ERROR;
				GCC_WARN_UNDECLARED_SELECTOR = YES;
				GCC_WARN_UNINITIALIZED_AUTOS = YES_AGGRESSIVE;
				GCC_WARN_UNUSED_FUNCTION = YES;
				GCC_WARN_UNUSED_VARIABLE = YES;
				IPHONEOS_DEPLOYMENT_TARGET = 12.2;
				MTL_ENABLE_DEBUG_INFO = NO;
				MTL_FAST_MATH = YES;
				SDKROOT = iphoneos;
				SWIFT_COMPILATION_MODE = wholemodule;
				SWIFT_OPTIMIZATION_LEVEL = "-O";
				VALIDATE_PRODUCT = YES;
			};
			name = Release;
		};
		85EBCEFF23199E7800DD5A5F /* Debug */ = {
			isa = XCBuildConfiguration;
			baseConfigurationReference = 029AD4D5F559366391EFE154 /* Pods-PeopleAndStockPrices.debug.xcconfig */;
			buildSettings = {
				ASSETCATALOG_COMPILER_APPICON_NAME = AppIcon;
				CODE_SIGN_STYLE = Automatic;
				INFOPLIST_FILE = PeopleAndStockPrices/Info.plist;
				LD_RUNPATH_SEARCH_PATHS = (
					"$(inherited)",
					"@executable_path/Frameworks",
				);
				PRODUCT_BUNDLE_IDENTIFIER = myApps.PeopleAndStockPrices;
				PRODUCT_NAME = "$(TARGET_NAME)";
				SWIFT_VERSION = 5.0;
				TARGETED_DEVICE_FAMILY = "1,2";
			};
			name = Debug;
		};
		85EBCF0023199E7800DD5A5F /* Release */ = {
			isa = XCBuildConfiguration;
			baseConfigurationReference = 44BB50DC5AC7F15DBF0E2B01 /* Pods-PeopleAndStockPrices.release.xcconfig */;
			buildSettings = {
				ASSETCATALOG_COMPILER_APPICON_NAME = AppIcon;
				CODE_SIGN_STYLE = Automatic;
				INFOPLIST_FILE = PeopleAndStockPrices/Info.plist;
				LD_RUNPATH_SEARCH_PATHS = (
					"$(inherited)",
					"@executable_path/Frameworks",
				);
				PRODUCT_BUNDLE_IDENTIFIER = myApps.PeopleAndStockPrices;
				PRODUCT_NAME = "$(TARGET_NAME)";
				SWIFT_VERSION = 5.0;
				TARGETED_DEVICE_FAMILY = "1,2";
			};
			name = Release;
		};
		85EBCF0223199E7800DD5A5F /* Debug */ = {
			isa = XCBuildConfiguration;
			buildSettings = {
				ALWAYS_EMBED_SWIFT_STANDARD_LIBRARIES = YES;
				BUNDLE_LOADER = "$(TEST_HOST)";
				CODE_SIGN_STYLE = Automatic;
				INFOPLIST_FILE = PeopleAndStockPricesTests/Info.plist;
				LD_RUNPATH_SEARCH_PATHS = (
					"$(inherited)",
					"@executable_path/Frameworks",
					"@loader_path/Frameworks",
				);
				PRODUCT_BUNDLE_IDENTIFIER = myApps.PeopleAndStockPricesTests;
				PRODUCT_NAME = "$(TARGET_NAME)";
				SWIFT_VERSION = 5.0;
				TARGETED_DEVICE_FAMILY = "1,2";
				TEST_HOST = "$(BUILT_PRODUCTS_DIR)/PeopleAndStockPrices.app/PeopleAndStockPrices";
			};
			name = Debug;
		};
		85EBCF0323199E7800DD5A5F /* Release */ = {
			isa = XCBuildConfiguration;
			buildSettings = {
				ALWAYS_EMBED_SWIFT_STANDARD_LIBRARIES = YES;
				BUNDLE_LOADER = "$(TEST_HOST)";
				CODE_SIGN_STYLE = Automatic;
				INFOPLIST_FILE = PeopleAndStockPricesTests/Info.plist;
				LD_RUNPATH_SEARCH_PATHS = (
					"$(inherited)",
					"@executable_path/Frameworks",
					"@loader_path/Frameworks",
				);
				PRODUCT_BUNDLE_IDENTIFIER = myApps.PeopleAndStockPricesTests;
				PRODUCT_NAME = "$(TARGET_NAME)";
				SWIFT_VERSION = 5.0;
				TARGETED_DEVICE_FAMILY = "1,2";
				TEST_HOST = "$(BUILT_PRODUCTS_DIR)/PeopleAndStockPrices.app/PeopleAndStockPrices";
			};
			name = Release;
		};
/* End XCBuildConfiguration section */

/* Begin XCConfigurationList section */
		85EBCEDC23199E7600DD5A5F /* Build configuration list for PBXProject "PeopleAndStockPrices" */ = {
			isa = XCConfigurationList;
			buildConfigurations = (
				85EBCEFC23199E7800DD5A5F /* Debug */,
				85EBCEFD23199E7800DD5A5F /* Release */,
			);
			defaultConfigurationIsVisible = 0;
			defaultConfigurationName = Release;
		};
		85EBCEFE23199E7800DD5A5F /* Build configuration list for PBXNativeTarget "PeopleAndStockPrices" */ = {
			isa = XCConfigurationList;
			buildConfigurations = (
				85EBCEFF23199E7800DD5A5F /* Debug */,
				85EBCF0023199E7800DD5A5F /* Release */,
			);
			defaultConfigurationIsVisible = 0;
			defaultConfigurationName = Release;
		};
		85EBCF0123199E7800DD5A5F /* Build configuration list for PBXNativeTarget "PeopleAndStockPricesTests" */ = {
			isa = XCConfigurationList;
			buildConfigurations = (
				85EBCF0223199E7800DD5A5F /* Debug */,
				85EBCF0323199E7800DD5A5F /* Release */,
			);
			defaultConfigurationIsVisible = 0;
			defaultConfigurationName = Release;
		};
/* End XCConfigurationList section */
	};
	rootObject = 85EBCED923199E7600DD5A5F /* Project object */;
}
